// !$*UTF8*$!
{
	archiveVersion = 1;
	classes = {
	};
	objectVersion = 51;
	objects = {

/* Begin PBXBuildFile section */
		A19DF59E508B4201B993FA68 /* Pods_ECMASwift.framework in Frameworks */ = {isa = PBXBuildFile; fileRef = 583DE56754318B4EA1C34B5E /* Pods_ECMASwift.framework */; };
		D09901A84BF0EEF24D02F648 /* Pods_ECMASwiftTests.framework in Frameworks */ = {isa = PBXBuildFile; fileRef = ECAFDB8098A78A31784691D5 /* Pods_ECMASwiftTests.framework */; };
		D7110A7422CD1846008C91CC /* ECMASwift.framework in Frameworks */ = {isa = PBXBuildFile; fileRef = D7110A6A22CD1846008C91CC /* ECMASwift.framework */; };
		D7110A7B22CD1846008C91CC /* ECMASwift.h in Headers */ = {isa = PBXBuildFile; fileRef = D7110A6D22CD1846008C91CC /* ECMASwift.h */; settings = {ATTRIBUTES = (Public, ); }; };
		D7110A8522CD18A7008C91CC /* JavaScriptError.swift in Sources */ = {isa = PBXBuildFile; fileRef = D7110A8422CD18A7008C91CC /* JavaScriptError.swift */; };
		D7110A8722CD18CA008C91CC /* JavaScript+ParameterEncodable.swift in Sources */ = {isa = PBXBuildFile; fileRef = D7110A8622CD18CA008C91CC /* JavaScript+ParameterEncodable.swift */; };
		D7110A8922CD18E8008C91CC /* JavaScript+StringInterpolation.swift in Sources */ = {isa = PBXBuildFile; fileRef = D7110A8822CD18E8008C91CC /* JavaScript+StringInterpolation.swift */; };
		D7110A8C22CD191E008C91CC /* index.html in Resources */ = {isa = PBXBuildFile; fileRef = D7110A8B22CD191E008C91CC /* index.html */; };
		D7110A8E22CD193A008C91CC /* app.js in Resources */ = {isa = PBXBuildFile; fileRef = D7110A8D22CD193A008C91CC /* app.js */; };
		D7110A9122CD1A2C008C91CC /* WKWebView+Promise.swift in Sources */ = {isa = PBXBuildFile; fileRef = D7110A9022CD1A2C008C91CC /* WKWebView+Promise.swift */; };
		D7110A9322CD1AD3008C91CC /* ESWebView.swift in Sources */ = {isa = PBXBuildFile; fileRef = D7110A9222CD1AD3008C91CC /* ESWebView.swift */; };
		D7110A9522CD1BDF008C91CC /* EvaluateWeakTests.swift in Sources */ = {isa = PBXBuildFile; fileRef = D7110A9422CD1BDF008C91CC /* EvaluateWeakTests.swift */; };
		D7110A9722CD1BE8008C91CC /* EvaluateStrongTests.swift in Sources */ = {isa = PBXBuildFile; fileRef = D7110A9622CD1BE8008C91CC /* EvaluateStrongTests.swift */; };
		D7110A9922CD1BF1008C91CC /* ECMASwiftTestCase.swift in Sources */ = {isa = PBXBuildFile; fileRef = D7110A9822CD1BF1008C91CC /* ECMASwiftTestCase.swift */; };
		D7110A9B22CD1CE9008C91CC /* ParameterEncodingTests.swift in Sources */ = {isa = PBXBuildFile; fileRef = D7110A9A22CD1CE9008C91CC /* ParameterEncodingTests.swift */; };
		D7110A9D22CD1D07008C91CC /* MessagingTests.swift in Sources */ = {isa = PBXBuildFile; fileRef = D7110A9C22CD1D07008C91CC /* MessagingTests.swift */; };
		D7110A9F22CD1DC7008C91CC /* InterpolationTests.swift in Sources */ = {isa = PBXBuildFile; fileRef = D7110A9E22CD1DC7008C91CC /* InterpolationTests.swift */; };
		D7110AA122CD1DE9008C91CC /* UserScriptTests.swift in Sources */ = {isa = PBXBuildFile; fileRef = D7110AA022CD1DE9008C91CC /* UserScriptTests.swift */; };
		D7A4D93D23562AB1000B43E0 /* WKWebView+Combine.swift in Sources */ = {isa = PBXBuildFile; fileRef = D7A4D93C23562AB1000B43E0 /* WKWebView+Combine.swift */; };
		D7A4D93F23562CF8000B43E0 /* ResolveTests.swift in Sources */ = {isa = PBXBuildFile; fileRef = D7A4D93E23562CF8000B43E0 /* ResolveTests.swift */; };
/* End PBXBuildFile section */

/* Begin PBXContainerItemProxy section */
		D7110A7522CD1846008C91CC /* PBXContainerItemProxy */ = {
			isa = PBXContainerItemProxy;
			containerPortal = D7110A6122CD1846008C91CC /* Project object */;
			proxyType = 1;
			remoteGlobalIDString = D7110A6922CD1846008C91CC;
			remoteInfo = ECMASwift;
		};
/* End PBXContainerItemProxy section */

/* Begin PBXFileReference section */
		4309596F06AD7673D7C7A773 /* Pods-ECMASwiftTests.release.xcconfig */ = {isa = PBXFileReference; includeInIndex = 1; lastKnownFileType = text.xcconfig; name = "Pods-ECMASwiftTests.release.xcconfig"; path = "Target Support Files/Pods-ECMASwiftTests/Pods-ECMASwiftTests.release.xcconfig"; sourceTree = "<group>"; };
		47A484E46E82A0501CCB4162 /* Pods-ECMASwiftTests.debug.xcconfig */ = {isa = PBXFileReference; includeInIndex = 1; lastKnownFileType = text.xcconfig; name = "Pods-ECMASwiftTests.debug.xcconfig"; path = "Target Support Files/Pods-ECMASwiftTests/Pods-ECMASwiftTests.debug.xcconfig"; sourceTree = "<group>"; };
		583DE56754318B4EA1C34B5E /* Pods_ECMASwift.framework */ = {isa = PBXFileReference; explicitFileType = wrapper.framework; includeInIndex = 0; path = Pods_ECMASwift.framework; sourceTree = BUILT_PRODUCTS_DIR; };
		7F01DEEF4BE0ED5AC689624B /* Pods-ECMASwift.debug.xcconfig */ = {isa = PBXFileReference; includeInIndex = 1; lastKnownFileType = text.xcconfig; name = "Pods-ECMASwift.debug.xcconfig"; path = "Target Support Files/Pods-ECMASwift/Pods-ECMASwift.debug.xcconfig"; sourceTree = "<group>"; };
		D7110A6A22CD1846008C91CC /* ECMASwift.framework */ = {isa = PBXFileReference; explicitFileType = wrapper.framework; includeInIndex = 0; path = ECMASwift.framework; sourceTree = BUILT_PRODUCTS_DIR; };
		D7110A6D22CD1846008C91CC /* ECMASwift.h */ = {isa = PBXFileReference; lastKnownFileType = sourcecode.c.h; path = ECMASwift.h; sourceTree = "<group>"; };
		D7110A6E22CD1846008C91CC /* Info.plist */ = {isa = PBXFileReference; lastKnownFileType = text.plist.xml; path = Info.plist; sourceTree = "<group>"; };
		D7110A7322CD1846008C91CC /* ECMASwiftTests.xctest */ = {isa = PBXFileReference; explicitFileType = wrapper.cfbundle; includeInIndex = 0; path = ECMASwiftTests.xctest; sourceTree = BUILT_PRODUCTS_DIR; };
		D7110A7A22CD1846008C91CC /* Info.plist */ = {isa = PBXFileReference; lastKnownFileType = text.plist.xml; path = Info.plist; sourceTree = "<group>"; };
		D7110A8422CD18A7008C91CC /* JavaScriptError.swift */ = {isa = PBXFileReference; lastKnownFileType = sourcecode.swift; path = JavaScriptError.swift; sourceTree = "<group>"; };
		D7110A8622CD18CA008C91CC /* JavaScript+ParameterEncodable.swift */ = {isa = PBXFileReference; lastKnownFileType = sourcecode.swift; path = "JavaScript+ParameterEncodable.swift"; sourceTree = "<group>"; };
		D7110A8822CD18E8008C91CC /* JavaScript+StringInterpolation.swift */ = {isa = PBXFileReference; lastKnownFileType = sourcecode.swift; path = "JavaScript+StringInterpolation.swift"; sourceTree = "<group>"; };
		D7110A8B22CD191E008C91CC /* index.html */ = {isa = PBXFileReference; lastKnownFileType = text.html; path = index.html; sourceTree = "<group>"; };
		D7110A8D22CD193A008C91CC /* app.js */ = {isa = PBXFileReference; lastKnownFileType = sourcecode.javascript; path = app.js; sourceTree = "<group>"; };
		D7110A9022CD1A2C008C91CC /* WKWebView+Promise.swift */ = {isa = PBXFileReference; lastKnownFileType = sourcecode.swift; path = "WKWebView+Promise.swift"; sourceTree = "<group>"; };
		D7110A9222CD1AD3008C91CC /* ESWebView.swift */ = {isa = PBXFileReference; lastKnownFileType = sourcecode.swift; path = ESWebView.swift; sourceTree = "<group>"; };
		D7110A9422CD1BDF008C91CC /* EvaluateWeakTests.swift */ = {isa = PBXFileReference; lastKnownFileType = sourcecode.swift; path = EvaluateWeakTests.swift; sourceTree = "<group>"; };
		D7110A9622CD1BE8008C91CC /* EvaluateStrongTests.swift */ = {isa = PBXFileReference; lastKnownFileType = sourcecode.swift; path = EvaluateStrongTests.swift; sourceTree = "<group>"; };
		D7110A9822CD1BF1008C91CC /* ECMASwiftTestCase.swift */ = {isa = PBXFileReference; lastKnownFileType = sourcecode.swift; path = ECMASwiftTestCase.swift; sourceTree = "<group>"; };
		D7110A9A22CD1CE9008C91CC /* ParameterEncodingTests.swift */ = {isa = PBXFileReference; lastKnownFileType = sourcecode.swift; path = ParameterEncodingTests.swift; sourceTree = "<group>"; };
		D7110A9C22CD1D07008C91CC /* MessagingTests.swift */ = {isa = PBXFileReference; lastKnownFileType = sourcecode.swift; path = MessagingTests.swift; sourceTree = "<group>"; };
		D7110A9E22CD1DC7008C91CC /* InterpolationTests.swift */ = {isa = PBXFileReference; lastKnownFileType = sourcecode.swift; path = InterpolationTests.swift; sourceTree = "<group>"; };
		D7110AA022CD1DE9008C91CC /* UserScriptTests.swift */ = {isa = PBXFileReference; lastKnownFileType = sourcecode.swift; path = UserScriptTests.swift; sourceTree = "<group>"; };
		D7110AA222CD20E7008C91CC /* ECMASwift.podspec */ = {isa = PBXFileReference; lastKnownFileType = text; path = ECMASwift.podspec; sourceTree = "<group>"; xcLanguageSpecificationIdentifier = xcode.lang.ruby; };
		D7110AA322CD2108008C91CC /* readme.md */ = {isa = PBXFileReference; lastKnownFileType = net.daringfireball.markdown; path = readme.md; sourceTree = "<group>"; };
		D7110AA422CD2208008C91CC /* LICENSE */ = {isa = PBXFileReference; lastKnownFileType = text; path = LICENSE; sourceTree = "<group>"; };
		D7A4D93C23562AB1000B43E0 /* WKWebView+Combine.swift */ = {isa = PBXFileReference; lastKnownFileType = sourcecode.swift; path = "WKWebView+Combine.swift"; sourceTree = "<group>"; };
		D7A4D93E23562CF8000B43E0 /* ResolveTests.swift */ = {isa = PBXFileReference; lastKnownFileType = sourcecode.swift; path = ResolveTests.swift; sourceTree = "<group>"; };
		E2AD66128F6E822A7DEA6E4B /* Pods-ECMASwift.release.xcconfig */ = {isa = PBXFileReference; includeInIndex = 1; lastKnownFileType = text.xcconfig; name = "Pods-ECMASwift.release.xcconfig"; path = "Target Support Files/Pods-ECMASwift/Pods-ECMASwift.release.xcconfig"; sourceTree = "<group>"; };
		ECAFDB8098A78A31784691D5 /* Pods_ECMASwiftTests.framework */ = {isa = PBXFileReference; explicitFileType = wrapper.framework; includeInIndex = 0; path = Pods_ECMASwiftTests.framework; sourceTree = BUILT_PRODUCTS_DIR; };
/* End PBXFileReference section */

/* Begin PBXFrameworksBuildPhase section */
		D7110A6722CD1846008C91CC /* Frameworks */ = {
			isa = PBXFrameworksBuildPhase;
			buildActionMask = 2147483647;
			files = (
				A19DF59E508B4201B993FA68 /* Pods_ECMASwift.framework in Frameworks */,
			);
			runOnlyForDeploymentPostprocessing = 0;
		};
		D7110A7022CD1846008C91CC /* Frameworks */ = {
			isa = PBXFrameworksBuildPhase;
			buildActionMask = 2147483647;
			files = (
				D7110A7422CD1846008C91CC /* ECMASwift.framework in Frameworks */,
				D09901A84BF0EEF24D02F648 /* Pods_ECMASwiftTests.framework in Frameworks */,
			);
			runOnlyForDeploymentPostprocessing = 0;
		};
/* End PBXFrameworksBuildPhase section */

/* Begin PBXGroup section */
		03BF3E5EB02C9148063E3F60 /* Frameworks */ = {
			isa = PBXGroup;
			children = (
				583DE56754318B4EA1C34B5E /* Pods_ECMASwift.framework */,
				ECAFDB8098A78A31784691D5 /* Pods_ECMASwiftTests.framework */,
			);
			name = Frameworks;
			sourceTree = "<group>";
		};
		D7110A6022CD1846008C91CC = {
			isa = PBXGroup;
			children = (
				D7110AA222CD20E7008C91CC /* ECMASwift.podspec */,
				D7110AA322CD2108008C91CC /* readme.md */,
				D7110AA422CD2208008C91CC /* LICENSE */,
				D7110A6C22CD1846008C91CC /* ECMASwift */,
				D7110A7722CD1846008C91CC /* ECMASwiftTests */,
				D7110A6B22CD1846008C91CC /* Products */,
				DF130862F76A4669DD99ED73 /* Pods */,
				03BF3E5EB02C9148063E3F60 /* Frameworks */,
			);
			sourceTree = "<group>";
		};
		D7110A6B22CD1846008C91CC /* Products */ = {
			isa = PBXGroup;
			children = (
				D7110A6A22CD1846008C91CC /* ECMASwift.framework */,
				D7110A7322CD1846008C91CC /* ECMASwiftTests.xctest */,
			);
			name = Products;
			sourceTree = "<group>";
		};
		D7110A6C22CD1846008C91CC /* ECMASwift */ = {
			isa = PBXGroup;
			children = (
				D7110A6D22CD1846008C91CC /* ECMASwift.h */,
				D7110A6E22CD1846008C91CC /* Info.plist */,
				D7110A8422CD18A7008C91CC /* JavaScriptError.swift */,
				D7110A8622CD18CA008C91CC /* JavaScript+ParameterEncodable.swift */,
				D7110A8822CD18E8008C91CC /* JavaScript+StringInterpolation.swift */,
				D7110A8F22CD1A07008C91CC /* WKWebView */,
			);
			path = ECMASwift;
			sourceTree = "<group>";
		};
		D7110A7722CD1846008C91CC /* ECMASwiftTests */ = {
			isa = PBXGroup;
			children = (
				D7110A9822CD1BF1008C91CC /* ECMASwiftTestCase.swift */,
				D7110A9422CD1BDF008C91CC /* EvaluateWeakTests.swift */,
				D7A4D93E23562CF8000B43E0 /* ResolveTests.swift */,
				D7110A9622CD1BE8008C91CC /* EvaluateStrongTests.swift */,
				D7110A9A22CD1CE9008C91CC /* ParameterEncodingTests.swift */,
				D7110A9C22CD1D07008C91CC /* MessagingTests.swift */,
				D7110A9E22CD1DC7008C91CC /* InterpolationTests.swift */,
				D7110AA022CD1DE9008C91CC /* UserScriptTests.swift */,
				D7110A7A22CD1846008C91CC /* Info.plist */,
				D7110A8A22CD190F008C91CC /* web */,
			);
			path = ECMASwiftTests;
			sourceTree = "<group>";
		};
		D7110A8A22CD190F008C91CC /* web */ = {
			isa = PBXGroup;
			children = (
				D7110A8B22CD191E008C91CC /* index.html */,
				D7110A8D22CD193A008C91CC /* app.js */,
			);
			path = web;
			sourceTree = "<group>";
		};
		D7110A8F22CD1A07008C91CC /* WKWebView */ = {
			isa = PBXGroup;
			children = (
				D7110A9222CD1AD3008C91CC /* ESWebView.swift */,
				D7110A9022CD1A2C008C91CC /* WKWebView+Promise.swift */,
				D7A4D93C23562AB1000B43E0 /* WKWebView+Combine.swift */,
			);
			path = WKWebView;
			sourceTree = "<group>";
		};
		DF130862F76A4669DD99ED73 /* Pods */ = {
			isa = PBXGroup;
			children = (
				7F01DEEF4BE0ED5AC689624B /* Pods-ECMASwift.debug.xcconfig */,
				E2AD66128F6E822A7DEA6E4B /* Pods-ECMASwift.release.xcconfig */,
				47A484E46E82A0501CCB4162 /* Pods-ECMASwiftTests.debug.xcconfig */,
				4309596F06AD7673D7C7A773 /* Pods-ECMASwiftTests.release.xcconfig */,
			);
			path = Pods;
			sourceTree = "<group>";
		};
/* End PBXGroup section */

/* Begin PBXHeadersBuildPhase section */
		D7110A6522CD1846008C91CC /* Headers */ = {
			isa = PBXHeadersBuildPhase;
			buildActionMask = 2147483647;
			files = (
				D7110A7B22CD1846008C91CC /* ECMASwift.h in Headers */,
			);
			runOnlyForDeploymentPostprocessing = 0;
		};
/* End PBXHeadersBuildPhase section */

/* Begin PBXNativeTarget section */
		D7110A6922CD1846008C91CC /* ECMASwift */ = {
			isa = PBXNativeTarget;
			buildConfigurationList = D7110A7E22CD1846008C91CC /* Build configuration list for PBXNativeTarget "ECMASwift" */;
			buildPhases = (
				53C19D25B5CFC6430836391D /* [CP] Check Pods Manifest.lock */,
				D7110A6522CD1846008C91CC /* Headers */,
				D7110A6622CD1846008C91CC /* Sources */,
				D7110A6722CD1846008C91CC /* Frameworks */,
				D7110A6822CD1846008C91CC /* Resources */,
			);
			buildRules = (
			);
			dependencies = (
			);
			name = ECMASwift;
			productName = ECMASwift;
			productReference = D7110A6A22CD1846008C91CC /* ECMASwift.framework */;
			productType = "com.apple.product-type.framework";
		};
		D7110A7222CD1846008C91CC /* ECMASwiftTests */ = {
			isa = PBXNativeTarget;
			buildConfigurationList = D7110A8122CD1846008C91CC /* Build configuration list for PBXNativeTarget "ECMASwiftTests" */;
			buildPhases = (
				1DE6855C1D34F17A797EA67D /* [CP] Check Pods Manifest.lock */,
				D7110A6F22CD1846008C91CC /* Sources */,
				D7110A7022CD1846008C91CC /* Frameworks */,
				D7110A7122CD1846008C91CC /* Resources */,
				ECCA573B16131F858A020497 /* [CP] Embed Pods Frameworks */,
			);
			buildRules = (
			);
			dependencies = (
				D7110A7622CD1846008C91CC /* PBXTargetDependency */,
			);
			name = ECMASwiftTests;
			productName = ECMASwiftTests;
			productReference = D7110A7322CD1846008C91CC /* ECMASwiftTests.xctest */;
			productType = "com.apple.product-type.bundle.unit-test";
		};
/* End PBXNativeTarget section */

/* Begin PBXProject section */
		D7110A6122CD1846008C91CC /* Project object */ = {
			isa = PBXProject;
			attributes = {
				LastSwiftUpdateCheck = 1020;
				LastUpgradeCheck = 1020;
				ORGANIZATIONNAME = hiimtmac;
				TargetAttributes = {
					D7110A6922CD1846008C91CC = {
						CreatedOnToolsVersion = 10.2.1;
						LastSwiftMigration = 1020;
					};
					D7110A7222CD1846008C91CC = {
						CreatedOnToolsVersion = 10.2.1;
					};
				};
			};
			buildConfigurationList = D7110A6422CD1846008C91CC /* Build configuration list for PBXProject "ECMASwift" */;
			compatibilityVersion = "Xcode 9.3";
			developmentRegion = en;
			hasScannedForEncodings = 0;
			knownRegions = (
				en,
				Base,
			);
			mainGroup = D7110A6022CD1846008C91CC;
			productRefGroup = D7110A6B22CD1846008C91CC /* Products */;
			projectDirPath = "";
			projectRoot = "";
			targets = (
				D7110A6922CD1846008C91CC /* ECMASwift */,
				D7110A7222CD1846008C91CC /* ECMASwiftTests */,
			);
		};
/* End PBXProject section */

/* Begin PBXResourcesBuildPhase section */
		D7110A6822CD1846008C91CC /* Resources */ = {
			isa = PBXResourcesBuildPhase;
			buildActionMask = 2147483647;
			files = (
			);
			runOnlyForDeploymentPostprocessing = 0;
		};
		D7110A7122CD1846008C91CC /* Resources */ = {
			isa = PBXResourcesBuildPhase;
			buildActionMask = 2147483647;
			files = (
				D7110A8E22CD193A008C91CC /* app.js in Resources */,
				D7110A8C22CD191E008C91CC /* index.html in Resources */,
			);
			runOnlyForDeploymentPostprocessing = 0;
		};
/* End PBXResourcesBuildPhase section */

/* Begin PBXShellScriptBuildPhase section */
		1DE6855C1D34F17A797EA67D /* [CP] Check Pods Manifest.lock */ = {
			isa = PBXShellScriptBuildPhase;
			buildActionMask = 2147483647;
			files = (
			);
			inputFileListPaths = (
			);
			inputPaths = (
				"${PODS_PODFILE_DIR_PATH}/Podfile.lock",
				"${PODS_ROOT}/Manifest.lock",
			);
			name = "[CP] Check Pods Manifest.lock";
			outputFileListPaths = (
			);
			outputPaths = (
				"$(DERIVED_FILE_DIR)/Pods-ECMASwiftTests-checkManifestLockResult.txt",
			);
			runOnlyForDeploymentPostprocessing = 0;
			shellPath = /bin/sh;
			shellScript = "diff \"${PODS_PODFILE_DIR_PATH}/Podfile.lock\" \"${PODS_ROOT}/Manifest.lock\" > /dev/null\nif [ $? != 0 ] ; then\n    # print error to STDERR\n    echo \"error: The sandbox is not in sync with the Podfile.lock. Run 'pod install' or update your CocoaPods installation.\" >&2\n    exit 1\nfi\n# This output is used by Xcode 'outputs' to avoid re-running this script phase.\necho \"SUCCESS\" > \"${SCRIPT_OUTPUT_FILE_0}\"\n";
			showEnvVarsInLog = 0;
		};
		53C19D25B5CFC6430836391D /* [CP] Check Pods Manifest.lock */ = {
			isa = PBXShellScriptBuildPhase;
			buildActionMask = 2147483647;
			files = (
			);
			inputFileListPaths = (
			);
			inputPaths = (
				"${PODS_PODFILE_DIR_PATH}/Podfile.lock",
				"${PODS_ROOT}/Manifest.lock",
			);
			name = "[CP] Check Pods Manifest.lock";
			outputFileListPaths = (
			);
			outputPaths = (
				"$(DERIVED_FILE_DIR)/Pods-ECMASwift-checkManifestLockResult.txt",
			);
			runOnlyForDeploymentPostprocessing = 0;
			shellPath = /bin/sh;
			shellScript = "diff \"${PODS_PODFILE_DIR_PATH}/Podfile.lock\" \"${PODS_ROOT}/Manifest.lock\" > /dev/null\nif [ $? != 0 ] ; then\n    # print error to STDERR\n    echo \"error: The sandbox is not in sync with the Podfile.lock. Run 'pod install' or update your CocoaPods installation.\" >&2\n    exit 1\nfi\n# This output is used by Xcode 'outputs' to avoid re-running this script phase.\necho \"SUCCESS\" > \"${SCRIPT_OUTPUT_FILE_0}\"\n";
			showEnvVarsInLog = 0;
		};
		ECCA573B16131F858A020497 /* [CP] Embed Pods Frameworks */ = {
			isa = PBXShellScriptBuildPhase;
			buildActionMask = 2147483647;
			files = (
			);
			inputFileListPaths = (
				"${PODS_ROOT}/Target Support Files/Pods-ECMASwiftTests/Pods-ECMASwiftTests-frameworks-${CONFIGURATION}-input-files.xcfilelist",
			);
			name = "[CP] Embed Pods Frameworks";
			outputFileListPaths = (
				"${PODS_ROOT}/Target Support Files/Pods-ECMASwiftTests/Pods-ECMASwiftTests-frameworks-${CONFIGURATION}-output-files.xcfilelist",
			);
			runOnlyForDeploymentPostprocessing = 0;
			shellPath = /bin/sh;
			shellScript = "\"${PODS_ROOT}/Target Support Files/Pods-ECMASwiftTests/Pods-ECMASwiftTests-frameworks.sh\"\n";
			showEnvVarsInLog = 0;
		};
/* End PBXShellScriptBuildPhase section */

/* Begin PBXSourcesBuildPhase section */
		D7110A6622CD1846008C91CC /* Sources */ = {
			isa = PBXSourcesBuildPhase;
			buildActionMask = 2147483647;
			files = (
				D7110A9322CD1AD3008C91CC /* ESWebView.swift in Sources */,
				D7110A8922CD18E8008C91CC /* JavaScript+StringInterpolation.swift in Sources */,
				D7110A8722CD18CA008C91CC /* JavaScript+ParameterEncodable.swift in Sources */,
				D7110A8522CD18A7008C91CC /* JavaScriptError.swift in Sources */,
				D7110A9122CD1A2C008C91CC /* WKWebView+Promise.swift in Sources */,
				D7A4D93D23562AB1000B43E0 /* WKWebView+Combine.swift in Sources */,
			);
			runOnlyForDeploymentPostprocessing = 0;
		};
		D7110A6F22CD1846008C91CC /* Sources */ = {
			isa = PBXSourcesBuildPhase;
			buildActionMask = 2147483647;
			files = (
				D7A4D93F23562CF8000B43E0 /* ResolveTests.swift in Sources */,
				D7110A9F22CD1DC7008C91CC /* InterpolationTests.swift in Sources */,
				D7110A9522CD1BDF008C91CC /* EvaluateWeakTests.swift in Sources */,
				D7110A9922CD1BF1008C91CC /* ECMASwiftTestCase.swift in Sources */,
				D7110A9D22CD1D07008C91CC /* MessagingTests.swift in Sources */,
				D7110A9B22CD1CE9008C91CC /* ParameterEncodingTests.swift in Sources */,
				D7110A9722CD1BE8008C91CC /* EvaluateStrongTests.swift in Sources */,
				D7110AA122CD1DE9008C91CC /* UserScriptTests.swift in Sources */,
			);
			runOnlyForDeploymentPostprocessing = 0;
		};
/* End PBXSourcesBuildPhase section */

/* Begin PBXTargetDependency section */
		D7110A7622CD1846008C91CC /* PBXTargetDependency */ = {
			isa = PBXTargetDependency;
			target = D7110A6922CD1846008C91CC /* ECMASwift */;
			targetProxy = D7110A7522CD1846008C91CC /* PBXContainerItemProxy */;
		};
/* End PBXTargetDependency section */

/* Begin XCBuildConfiguration section */
		D7110A7C22CD1846008C91CC /* Debug */ = {
			isa = XCBuildConfiguration;
			buildSettings = {
				ALWAYS_SEARCH_USER_PATHS = NO;
				CLANG_ANALYZER_NONNULL = YES;
				CLANG_ANALYZER_NUMBER_OBJECT_CONVERSION = YES_AGGRESSIVE;
				CLANG_CXX_LANGUAGE_STANDARD = "gnu++14";
				CLANG_CXX_LIBRARY = "libc++";
				CLANG_ENABLE_MODULES = YES;
				CLANG_ENABLE_OBJC_ARC = YES;
				CLANG_ENABLE_OBJC_WEAK = YES;
				CLANG_WARN_BLOCK_CAPTURE_AUTORELEASING = YES;
				CLANG_WARN_BOOL_CONVERSION = YES;
				CLANG_WARN_COMMA = YES;
				CLANG_WARN_CONSTANT_CONVERSION = YES;
				CLANG_WARN_DEPRECATED_OBJC_IMPLEMENTATIONS = YES;
				CLANG_WARN_DIRECT_OBJC_ISA_USAGE = YES_ERROR;
				CLANG_WARN_DOCUMENTATION_COMMENTS = YES;
				CLANG_WARN_EMPTY_BODY = YES;
				CLANG_WARN_ENUM_CONVERSION = YES;
				CLANG_WARN_INFINITE_RECURSION = YES;
				CLANG_WARN_INT_CONVERSION = YES;
				CLANG_WARN_NON_LITERAL_NULL_CONVERSION = YES;
				CLANG_WARN_OBJC_IMPLICIT_RETAIN_SELF = YES;
				CLANG_WARN_OBJC_LITERAL_CONVERSION = YES;
				CLANG_WARN_OBJC_ROOT_CLASS = YES_ERROR;
				CLANG_WARN_RANGE_LOOP_ANALYSIS = YES;
				CLANG_WARN_STRICT_PROTOTYPES = YES;
				CLANG_WARN_SUSPICIOUS_MOVE = YES;
				CLANG_WARN_UNGUARDED_AVAILABILITY = YES_AGGRESSIVE;
				CLANG_WARN_UNREACHABLE_CODE = YES;
				CLANG_WARN__DUPLICATE_METHOD_MATCH = YES;
				CODE_SIGN_IDENTITY = "iPhone Developer";
				COPY_PHASE_STRIP = NO;
				CURRENT_PROJECT_VERSION = 1;
				DEBUG_INFORMATION_FORMAT = dwarf;
				ENABLE_STRICT_OBJC_MSGSEND = YES;
				ENABLE_TESTABILITY = YES;
				GCC_C_LANGUAGE_STANDARD = gnu11;
				GCC_DYNAMIC_NO_PIC = NO;
				GCC_NO_COMMON_BLOCKS = YES;
				GCC_OPTIMIZATION_LEVEL = 0;
				GCC_PREPROCESSOR_DEFINITIONS = (
					"DEBUG=1",
					"$(inherited)",
				);
				GCC_WARN_64_TO_32_BIT_CONVERSION = YES;
				GCC_WARN_ABOUT_RETURN_TYPE = YES_ERROR;
				GCC_WARN_UNDECLARED_SELECTOR = YES;
				GCC_WARN_UNINITIALIZED_AUTOS = YES_AGGRESSIVE;
				GCC_WARN_UNUSED_FUNCTION = YES;
				GCC_WARN_UNUSED_VARIABLE = YES;
				IPHONEOS_DEPLOYMENT_TARGET = 11.0;
				MTL_ENABLE_DEBUG_INFO = INCLUDE_SOURCE;
				MTL_FAST_MATH = YES;
				ONLY_ACTIVE_ARCH = YES;
				SDKROOT = iphoneos;
				SWIFT_ACTIVE_COMPILATION_CONDITIONS = DEBUG;
				SWIFT_OPTIMIZATION_LEVEL = "-Onone";
				VERSIONING_SYSTEM = "apple-generic";
				VERSION_INFO_PREFIX = "";
			};
			name = Debug;
		};
		D7110A7D22CD1846008C91CC /* Release */ = {
			isa = XCBuildConfiguration;
			buildSettings = {
				ALWAYS_SEARCH_USER_PATHS = NO;
				CLANG_ANALYZER_NONNULL = YES;
				CLANG_ANALYZER_NUMBER_OBJECT_CONVERSION = YES_AGGRESSIVE;
				CLANG_CXX_LANGUAGE_STANDARD = "gnu++14";
				CLANG_CXX_LIBRARY = "libc++";
				CLANG_ENABLE_MODULES = YES;
				CLANG_ENABLE_OBJC_ARC = YES;
				CLANG_ENABLE_OBJC_WEAK = YES;
				CLANG_WARN_BLOCK_CAPTURE_AUTORELEASING = YES;
				CLANG_WARN_BOOL_CONVERSION = YES;
				CLANG_WARN_COMMA = YES;
				CLANG_WARN_CONSTANT_CONVERSION = YES;
				CLANG_WARN_DEPRECATED_OBJC_IMPLEMENTATIONS = YES;
				CLANG_WARN_DIRECT_OBJC_ISA_USAGE = YES_ERROR;
				CLANG_WARN_DOCUMENTATION_COMMENTS = YES;
				CLANG_WARN_EMPTY_BODY = YES;
				CLANG_WARN_ENUM_CONVERSION = YES;
				CLANG_WARN_INFINITE_RECURSION = YES;
				CLANG_WARN_INT_CONVERSION = YES;
				CLANG_WARN_NON_LITERAL_NULL_CONVERSION = YES;
				CLANG_WARN_OBJC_IMPLICIT_RETAIN_SELF = YES;
				CLANG_WARN_OBJC_LITERAL_CONVERSION = YES;
				CLANG_WARN_OBJC_ROOT_CLASS = YES_ERROR;
				CLANG_WARN_RANGE_LOOP_ANALYSIS = YES;
				CLANG_WARN_STRICT_PROTOTYPES = YES;
				CLANG_WARN_SUSPICIOUS_MOVE = YES;
				CLANG_WARN_UNGUARDED_AVAILABILITY = YES_AGGRESSIVE;
				CLANG_WARN_UNREACHABLE_CODE = YES;
				CLANG_WARN__DUPLICATE_METHOD_MATCH = YES;
				CODE_SIGN_IDENTITY = "iPhone Developer";
				COPY_PHASE_STRIP = NO;
				CURRENT_PROJECT_VERSION = 1;
				DEBUG_INFORMATION_FORMAT = "dwarf-with-dsym";
				ENABLE_NS_ASSERTIONS = NO;
				ENABLE_STRICT_OBJC_MSGSEND = YES;
				GCC_C_LANGUAGE_STANDARD = gnu11;
				GCC_NO_COMMON_BLOCKS = YES;
				GCC_WARN_64_TO_32_BIT_CONVERSION = YES;
				GCC_WARN_ABOUT_RETURN_TYPE = YES_ERROR;
				GCC_WARN_UNDECLARED_SELECTOR = YES;
				GCC_WARN_UNINITIALIZED_AUTOS = YES_AGGRESSIVE;
				GCC_WARN_UNUSED_FUNCTION = YES;
				GCC_WARN_UNUSED_VARIABLE = YES;
				IPHONEOS_DEPLOYMENT_TARGET = 11.0;
				MTL_ENABLE_DEBUG_INFO = NO;
				MTL_FAST_MATH = YES;
				SDKROOT = iphoneos;
				SWIFT_COMPILATION_MODE = wholemodule;
				SWIFT_OPTIMIZATION_LEVEL = "-O";
				VALIDATE_PRODUCT = YES;
				VERSIONING_SYSTEM = "apple-generic";
				VERSION_INFO_PREFIX = "";
			};
			name = Release;
		};
		D7110A7F22CD1846008C91CC /* Debug */ = {
			isa = XCBuildConfiguration;
			baseConfigurationReference = 7F01DEEF4BE0ED5AC689624B /* Pods-ECMASwift.debug.xcconfig */;
			buildSettings = {
				CLANG_ENABLE_MODULES = YES;
				CODE_SIGN_IDENTITY = "";
				CODE_SIGN_STYLE = Automatic;
				DEFINES_MODULE = YES;
				DEVELOPMENT_TEAM = 3K7UN759DD;
				DYLIB_COMPATIBILITY_VERSION = 1;
				DYLIB_CURRENT_VERSION = 1;
				DYLIB_INSTALL_NAME_BASE = "@rpath";
				INFOPLIST_FILE = ECMASwift/Info.plist;
				INSTALL_PATH = "$(LOCAL_LIBRARY_DIR)/Frameworks";
				LD_RUNPATH_SEARCH_PATHS = (
					"$(inherited)",
					"@executable_path/Frameworks",
					"@loader_path/Frameworks",
				);
				MARKETING_VERSION = 0.2.0;
				PRODUCT_BUNDLE_IDENTIFIER = com.hiimtmac.ECMASwift;
				PRODUCT_NAME = "$(TARGET_NAME:c99extidentifier)";
				SKIP_INSTALL = YES;
				SWIFT_OPTIMIZATION_LEVEL = "-Onone";
				SWIFT_VERSION = 5.0;
				TARGETED_DEVICE_FAMILY = "1,2";
			};
			name = Debug;
		};
		D7110A8022CD1846008C91CC /* Release */ = {
			isa = XCBuildConfiguration;
			baseConfigurationReference = E2AD66128F6E822A7DEA6E4B /* Pods-ECMASwift.release.xcconfig */;
			buildSettings = {
				CLANG_ENABLE_MODULES = YES;
				CODE_SIGN_IDENTITY = "";
				CODE_SIGN_STYLE = Automatic;
				DEFINES_MODULE = YES;
				DEVELOPMENT_TEAM = 3K7UN759DD;
				DYLIB_COMPATIBILITY_VERSION = 1;
				DYLIB_CURRENT_VERSION = 1;
				DYLIB_INSTALL_NAME_BASE = "@rpath";
				INFOPLIST_FILE = ECMASwift/Info.plist;
				INSTALL_PATH = "$(LOCAL_LIBRARY_DIR)/Frameworks";
				LD_RUNPATH_SEARCH_PATHS = (
					"$(inherited)",
					"@executable_path/Frameworks",
					"@loader_path/Frameworks",
				);
				MARKETING_VERSION = 0.2.0;
				PRODUCT_BUNDLE_IDENTIFIER = com.hiimtmac.ECMASwift;
				PRODUCT_NAME = "$(TARGET_NAME:c99extidentifier)";
				SKIP_INSTALL = YES;
				SWIFT_VERSION = 5.0;
				TARGETED_DEVICE_FAMILY = "1,2";
			};
			name = Release;
		};
		D7110A8222CD1846008C91CC /* Debug */ = {
			isa = XCBuildConfiguration;
			baseConfigurationReference = 47A484E46E82A0501CCB4162 /* Pods-ECMASwiftTests.debug.xcconfig */;
			buildSettings = {
				ALWAYS_EMBED_SWIFT_STANDARD_LIBRARIES = "$(inherited)";
				CODE_SIGN_STYLE = Automatic;
				DEVELOPMENT_TEAM = 3K7UN759DD;
				INFOPLIST_FILE = ECMASwiftTests/Info.plist;
				LD_RUNPATH_SEARCH_PATHS = (
					"$(inherited)",
					"@executable_path/Frameworks",
					"@loader_path/Frameworks",
				);
				PRODUCT_BUNDLE_IDENTIFIER = com.hiimtmac.ECMASwiftTests;
				PRODUCT_NAME = "$(TARGET_NAME)";
				SWIFT_VERSION = 5.0;
				TARGETED_DEVICE_FAMILY = "1,2";
			};
			name = Debug;
		};
		D7110A8322CD1846008C91CC /* Release */ = {
			isa = XCBuildConfiguration;
			baseConfigurationReference = 4309596F06AD7673D7C7A773 /* Pods-ECMASwiftTests.release.xcconfig */;
			buildSettings = {
				ALWAYS_EMBED_SWIFT_STANDARD_LIBRARIES = "$(inherited)";
				CODE_SIGN_STYLE = Automatic;
				DEVELOPMENT_TEAM = 3K7UN759DD;
				INFOPLIST_FILE = ECMASwiftTests/Info.plist;
				LD_RUNPATH_SEARCH_PATHS = (
					"$(inherited)",
					"@executable_path/Frameworks",
					"@loader_path/Frameworks",
				);
				PRODUCT_BUNDLE_IDENTIFIER = com.hiimtmac.ECMASwiftTests;
				PRODUCT_NAME = "$(TARGET_NAME)";
				SWIFT_VERSION = 5.0;
				TARGETED_DEVICE_FAMILY = "1,2";
			};
			name = Release;
		};
/* End XCBuildConfiguration section */

/* Begin XCConfigurationList section */
		D7110A6422CD1846008C91CC /* Build configuration list for PBXProject "ECMASwift" */ = {
			isa = XCConfigurationList;
			buildConfigurations = (
				D7110A7C22CD1846008C91CC /* Debug */,
				D7110A7D22CD1846008C91CC /* Release */,
			);
			defaultConfigurationIsVisible = 0;
			defaultConfigurationName = Release;
		};
		D7110A7E22CD1846008C91CC /* Build configuration list for PBXNativeTarget "ECMASwift" */ = {
			isa = XCConfigurationList;
			buildConfigurations = (
				D7110A7F22CD1846008C91CC /* Debug */,
				D7110A8022CD1846008C91CC /* Release */,
			);
			defaultConfigurationIsVisible = 0;
			defaultConfigurationName = Release;
		};
		D7110A8122CD1846008C91CC /* Build configuration list for PBXNativeTarget "ECMASwiftTests" */ = {
			isa = XCConfigurationList;
			buildConfigurations = (
				D7110A8222CD1846008C91CC /* Debug */,
				D7110A8322CD1846008C91CC /* Release */,
			);
			defaultConfigurationIsVisible = 0;
			defaultConfigurationName = Release;
		};
/* End XCConfigurationList section */
	};
	rootObject = D7110A6122CD1846008C91CC /* Project object */;
}
